
Microsoft Visual Studio Solution File, Format Version 12.00
# Visual Studio Version 16
VisualStudioVersion = 25.0.1700.6
MinimumVisualStudioVersion = 10.0.40219.1
Project("{2150E333-8FDC-42A3-9474-1A3956D46DE8}") = "PW_03_BranchesAndLoops", "PW_03_BranchesAndLoops", "{B050A684-7E96-4F5C-ABC2-477BB65EBBD5}"
EndProject
Project("{FAE04EC0-301F-11D3-BF4B-00C04F79EFBC}") = "BranchesAndLoops", "practical-work-3\BranchesAndLoops\BranchesAndLoops.csproj", "{4E8DDF25-F0A8-4F6B-B9BC-65DB78D2EF03}"
EndProject
Project("{2150E333-8FDC-42A3-9474-1A3956D46DE8}") = "PW_04_Arrays", "PW_04_Arrays", "{E6660069-CB91-4713-9722-7BAD7369CB6F}"
EndProject
Project("{FAE04EC0-301F-11D3-BF4B-00C04F79EFBC}") = "Arrays", "practical-work-4\Arrays\Arrays.csproj", "{776EFD77-E702-4108-9831-C3F1CFD05D5D}"
EndProject
Project("{FAE04EC0-301F-11D3-BF4B-00C04F79EFBC}") = "GameOfLife", "practical-work-4\GameOfLife\GameOfLife.csproj", "{0A0D9CD1-D225-4BB1-A86F-901DD0BFB488}"
EndProject
Project("{2150E333-8FDC-42A3-9474-1A3956D46DE8}") = "PW_05_Methods", "PW_05_Methods", "{118ADC71-FC26-4BC1-8BDB-866506FC9D43}"
EndProject
Project("{FAE04EC0-301F-11D3-BF4B-00C04F79EFBC}") = "WordsInString", "practical-work-5\WordsInString\WordsInString.csproj", "{AEBBD13E-72DA-4BDE-885B-C1CE12BFDA01}"
EndProject
Global
	GlobalSection(SolutionConfigurationPlatforms) = preSolution
		Debug|Any CPU = Debug|Any CPU
		Release|Any CPU = Release|Any CPU
	EndGlobalSection
	GlobalSection(ProjectConfigurationPlatforms) = postSolution
		{4E8DDF25-F0A8-4F6B-B9BC-65DB78D2EF03}.Debug|Any CPU.ActiveCfg = Debug|Any CPU
		{4E8DDF25-F0A8-4F6B-B9BC-65DB78D2EF03}.Debug|Any CPU.Build.0 = Debug|Any CPU
		{4E8DDF25-F0A8-4F6B-B9BC-65DB78D2EF03}.Release|Any CPU.ActiveCfg = Release|Any CPU
		{4E8DDF25-F0A8-4F6B-B9BC-65DB78D2EF03}.Release|Any CPU.Build.0 = Release|Any CPU
		{776EFD77-E702-4108-9831-C3F1CFD05D5D}.Debug|Any CPU.ActiveCfg = Debug|Any CPU
		{776EFD77-E702-4108-9831-C3F1CFD05D5D}.Debug|Any CPU.Build.0 = Debug|Any CPU
		{776EFD77-E702-4108-9831-C3F1CFD05D5D}.Release|Any CPU.ActiveCfg = Release|Any CPU
		{776EFD77-E702-4108-9831-C3F1CFD05D5D}.Release|Any CPU.Build.0 = Release|Any CPU
		{0A0D9CD1-D225-4BB1-A86F-901DD0BFB488}.Debug|Any CPU.ActiveCfg = Debug|Any CPU
		{0A0D9CD1-D225-4BB1-A86F-901DD0BFB488}.Debug|Any CPU.Build.0 = Debug|Any CPU
		{0A0D9CD1-D225-4BB1-A86F-901DD0BFB488}.Release|Any CPU.ActiveCfg = Release|Any CPU
		{0A0D9CD1-D225-4BB1-A86F-901DD0BFB488}.Release|Any CPU.Build.0 = Release|Any CPU
		{AEBBD13E-72DA-4BDE-885B-C1CE12BFDA01}.Debug|Any CPU.ActiveCfg = Debug|Any CPU
		{AEBBD13E-72DA-4BDE-885B-C1CE12BFDA01}.Debug|Any CPU.Build.0 = Debug|Any CPU
		{AEBBD13E-72DA-4BDE-885B-C1CE12BFDA01}.Release|Any CPU.ActiveCfg = Release|Any CPU
		{AEBBD13E-72DA-4BDE-885B-C1CE12BFDA01}.Release|Any CPU.Build.0 = Release|Any CPU
	EndGlobalSection
	GlobalSection(SolutionProperties) = preSolution
		HideSolutionNode = FALSE
	EndGlobalSection
	GlobalSection(ExtensibilityGlobals) = postSolution
		SolutionGuid = {F43548D8-4CAB-4181-A481-46E59495E203}
	EndGlobalSection
	GlobalSection(NestedProjects) = preSolution
		{4E8DDF25-F0A8-4F6B-B9BC-65DB78D2EF03} = {B050A684-7E96-4F5C-ABC2-477BB65EBBD5}
		{776EFD77-E702-4108-9831-C3F1CFD05D5D} = {E6660069-CB91-4713-9722-7BAD7369CB6F}
		{0A0D9CD1-D225-4BB1-A86F-901DD0BFB488} = {E6660069-CB91-4713-9722-7BAD7369CB6F}
		{AEBBD13E-72DA-4BDE-885B-C1CE12BFDA01} = {118ADC71-FC26-4BC1-8BDB-866506FC9D43}
	EndGlobalSection
EndGlobal
