
Microsoft Visual Studio Solution File, Format Version 12.00
# Visual Studio Version 17
VisualStudioVersion = 17.4.33213.308
MinimumVisualStudioVersion = 10.0.40219.1
Project("{FAE04EC0-301F-11D3-BF4B-00C04F79EFBC}") = "BankSystemWPF", "BankSystemWPF.csproj", "{EAA2E4ED-BD08-4CB8-9D9B-FDD1BB6600BD}"
EndProject
Global
	GlobalSection(SolutionConfigurationPlatforms) = preSolution
		Debug|Any CPU = Debug|Any CPU
		Release|Any CPU = Release|Any CPU
	EndGlobalSection
	GlobalSection(ProjectConfigurationPlatforms) = postSolution
		{EAA2E4ED-BD08-4CB8-9D9B-FDD1BB6600BD}.Debug|Any CPU.ActiveCfg = Debug|Any CPU
		{EAA2E4ED-BD08-4CB8-9D9B-FDD1BB6600BD}.Debug|Any CPU.Build.0 = Debug|Any CPU
		{EAA2E4ED-BD08-4CB8-9D9B-FDD1BB6600BD}.Release|Any CPU.ActiveCfg = Release|Any CPU
		{EAA2E4ED-BD08-4CB8-9D9B-FDD1BB6600BD}.Release|Any CPU.Build.0 = Release|Any CPU
	EndGlobalSection
	GlobalSection(SolutionProperties) = preSolution
		HideSolutionNode = FALSE
	EndGlobalSection
	GlobalSection(ExtensibilityGlobals) = postSolution
		SolutionGuid = {BF13111D-E0F3-470D-91A0-4A42E999A1A1}
	EndGlobalSection
EndGlobal
