
Microsoft Visual Studio Solution File, Format Version 12.00
# Visual Studio Version 17
VisualStudioVersion = 17.4.33213.308
MinimumVisualStudioVersion = 10.0.40219.1
Project("{FAE04EC0-301F-11D3-BF4B-00C04F79EFBC}") = "WordsInString", "WordsInString.csproj", "{4C8731BC-5EF3-47B3-9864-EA552199A116}"
EndProject
Global
	GlobalSection(SolutionConfigurationPlatforms) = preSolution
		Debug|Any CPU = Debug|Any CPU
		Release|Any CPU = Release|Any CPU
	EndGlobalSection
	GlobalSection(ProjectConfigurationPlatforms) = postSolution
		{4C8731BC-5EF3-47B3-9864-EA552199A116}.Debug|Any CPU.ActiveCfg = Debug|Any CPU
		{4C8731BC-5EF3-47B3-9864-EA552199A116}.Debug|Any CPU.Build.0 = Debug|Any CPU
		{4C8731BC-5EF3-47B3-9864-EA552199A116}.Release|Any CPU.ActiveCfg = Release|Any CPU
		{4C8731BC-5EF3-47B3-9864-EA552199A116}.Release|Any CPU.Build.0 = Release|Any CPU
	EndGlobalSection
	GlobalSection(SolutionProperties) = preSolution
		HideSolutionNode = FALSE
	EndGlobalSection
	GlobalSection(ExtensibilityGlobals) = postSolution
		SolutionGuid = {FF1C864D-C9CF-44FC-8108-1333BBE1AC92}
	EndGlobalSection
EndGlobal
